<?xml version="1.0" encoding="utf-8"?>
<Project ToolsVersion="4.0" xmlns="http://schemas.microsoft.com/developer/msbuild/2003">
  <ItemGroup>
    <Filter Include="99. 리소스 파일">
      <UniqueIdentifier>{67DA6AB6-F800-4c08-8B7A-83BB121AAD01}</UniqueIdentifier>
      <Extensions>rc;ico;cur;bmp;dlg;rc2;rct;bin;rgs;gif;jpg;jpeg;jpe;resx;tiff;tif;png;wav;mfcribbon-ms</Extensions>
    </Filter>
    <Filter Include="02. EditForm">
      <UniqueIdentifier>{8545e801-a710-4bbb-ac1d-32909ed5023f}</UniqueIdentifier>
    </Filter>
    <Filter Include="03. Dialog">
      <UniqueIdentifier>{f806327b-e91e-4eb0-b17a-10a8a3041f10}</UniqueIdentifier>
    </Filter>
    <Filter Include="00. Tool_Header">
      <UniqueIdentifier>{5c87a17d-d395-4e2b-a905-3643ae045f68}</UniqueIdentifier>
    </Filter>
    <Filter Include="99. Std">
      <UniqueIdentifier>{4eaa62f8-1dd5-4c3e-8a06-30eed7b5a178}</UniqueIdentifier>
    </Filter>
    <Filter Include="01. Tool_Main">
      <UniqueIdentifier>{fd74722d-a4ef-4d4c-b748-4dedc27fa5c7}</UniqueIdentifier>
    </Filter>
    <Filter Include="00. Tool_Header\01. Tool_Value">
      <UniqueIdentifier>{cc784257-13a5-4859-a2ae-b03aab5da123}</UniqueIdentifier>
    </Filter>
    <Filter Include="04. SceneScript">
      <UniqueIdentifier>{8b3d5d5b-1128-4f39-8b3e-da90194bc6c8}</UniqueIdentifier>
    </Filter>
    <Filter Include="05. ObjectScript">
      <UniqueIdentifier>{48f2c7ed-6b00-48aa-902a-bb326078234a}</UniqueIdentifier>
    </Filter>
  </ItemGroup>
  <ItemGroup>
    <ClInclude Include="stdafx.h">
      <Filter>99. Std</Filter>
    </ClInclude>
    <ClInclude Include="Resource.h">
      <Filter>99. Std</Filter>
    </ClInclude>
    <ClInclude Include="targetver.h">
      <Filter>99. Std</Filter>
    </ClInclude>
    <ClInclude Include="WOOJUN_TOOL.h">
      <Filter>99. Std</Filter>
    </ClInclude>
    <ClInclude Include="WOOJUN_TOOLDoc.h">
      <Filter>99. Std</Filter>
    </ClInclude>
    <ClInclude Include="WOOJUN_TOOLView.h">
      <Filter>99. Std</Filter>
    </ClInclude>
    <ClInclude Include="MainFrm.h">
      <Filter>01. Tool_Main</Filter>
    </ClInclude>
    <ClInclude Include="Tool_Header.h">
      <Filter>00. Tool_Header</Filter>
    </ClInclude>
    <ClInclude Include="MenuDialog.h">
      <Filter>03. Dialog</Filter>
    </ClInclude>
    <ClInclude Include="EditForm.h">
      <Filter>02. EditForm</Filter>
    </ClInclude>
    <ClInclude Include="ObjectDialog.h">
      <Filter>03. Dialog</Filter>
    </ClInclude>
    <ClInclude Include="TestDialog.h" />
    <ClInclude Include="ToolValue.h">
      <Filter>00. Tool_Header\01. Tool_Value</Filter>
    </ClInclude>
    <ClInclude Include="ToolScene.h">
      <Filter>04. SceneScript</Filter>
    </ClInclude>
    <ClInclude Include="ToolObject.h">
      <Filter>05. ObjectScript</Filter>
    </ClInclude>
    <ClInclude Include="AnimationScene.h">
      <Filter>04. SceneScript</Filter>
    </ClInclude>
    <ClInclude Include="AniDialog.h">
      <Filter>03. Dialog</Filter>
    </ClInclude>
  </ItemGroup>
  <ItemGroup>
    <ClCompile Include="stdafx.cpp">
      <Filter>99. Std</Filter>
    </ClCompile>
    <ClCompile Include="WOOJUN_TOOLView.cpp">
      <Filter>99. Std</Filter>
    </ClCompile>
    <ClCompile Include="WOOJUN_TOOLDoc.cpp">
      <Filter>99. Std</Filter>
    </ClCompile>
    <ClCompile Include="WOOJUN_TOOL.cpp">
      <Filter>99. Std</Filter>
    </ClCompile>
    <ClCompile Include="MainFrm.cpp">
      <Filter>01. Tool_Main</Filter>
    </ClCompile>
    <ClCompile Include="MenuDialog.cpp">
      <Filter>03. Dialog</Filter>
    </ClCompile>
    <ClCompile Include="EditForm.cpp">
      <Filter>02. EditForm</Filter>
    </ClCompile>
    <ClCompile Include="ObjectDialog.cpp">
      <Filter>03. Dialog</Filter>
    </ClCompile>
    <ClCompile Include="TestDialog.cpp" />
    <ClCompile Include="ToolValue.cpp">
      <Filter>00. Tool_Header\01. Tool_Value</Filter>
    </ClCompile>
    <ClCompile Include="ToolScene.cpp">
      <Filter>04. SceneScript</Filter>
    </ClCompile>
    <ClCompile Include="ToolObject.cpp">
      <Filter>05. ObjectScript</Filter>
    </ClCompile>
    <ClCompile Include="AnimationScene.cpp">
      <Filter>04. SceneScript</Filter>
    </ClCompile>
    <ClCompile Include="AniDialog.cpp">
      <Filter>03. Dialog</Filter>
    </ClCompile>
  </ItemGroup>
  <ItemGroup>
    <ResourceCompile Include="Alice_Tool.rc">
      <Filter>99. 리소스 파일</Filter>
    </ResourceCompile>
  </ItemGroup>
  <ItemGroup>
    <None Include="res\Alice_Tool.rc2">
      <Filter>99. 리소스 파일</Filter>
    </None>
  </ItemGroup>
  <ItemGroup>
    <Image Include="res\WOOJUN_TOOLDoc.ico">
      <Filter>99. 리소스 파일</Filter>
    </Image>
    <Image Include="res\Toolbar.bmp">
      <Filter>99. 리소스 파일</Filter>
    </Image>
    <Image Include="res\Alice_Tool.ico">
      <Filter>99. 리소스 파일</Filter>
    </Image>
  </ItemGroup>
  <ItemGroup>
    <Text Include="ReadMe.txt">
      <Filter>99. Std</Filter>
    </Text>
  </ItemGroup>
</Project>